schema: '2.0'
stages:
  data_ingestion:
    cmd: python -m src.data_ingestion
    deps:
    - path: configs/config.yaml
      hash: md5
      md5: e10682919ee97d31ce93a3daabc2bc36
      size: 1280
    - path: data/raw/ai4i2020.csv
      hash: md5
      md5: f0adaa9c5e25366c6df1cc2684479871
      size: 522048
    - path: src/data_ingestion.py
      hash: md5
      md5: f956c7b352c376239a14e666306de435
      size: 8944
    - path: src/utils.py
      hash: md5
      md5: a6f4700e19628b777f60face0508ba69
      size: 3151
    outs:
    - path: data/processed/test.csv
      hash: md5
      md5: a156f83b613a88ae5f9dfa497520a038
      size: 61068
    - path: data/processed/train.csv
      hash: md5
      md5: e7863768b369b0ef314d7c225bb167ab
      size: 244035
  preprocessing:
    cmd: python -m src.data_preprocessing
    deps:
    - path: configs/config.yaml
      hash: md5
      md5: e10682919ee97d31ce93a3daabc2bc36
      size: 1280
    - path: data/processed/test.csv
      hash: md5
      md5: a156f83b613a88ae5f9dfa497520a038
      size: 61068
    - path: data/processed/train.csv
      hash: md5
      md5: e7863768b369b0ef314d7c225bb167ab
      size: 244035
    - path: src/data_preprocessing.py
      hash: md5
      md5: 70d588505ad5850345430b029e936d87
      size: 7690
    - path: src/utils.py
      hash: md5
      md5: a6f4700e19628b777f60face0508ba69
      size: 3151
    outs:
    - path: data/baselines/drift_baselines.json
      hash: md5
      md5: 3526da008cf0597b53d247a6260a6318
      size: 2991
    - path: data/processed/test_processed.csv
      hash: md5
      md5: 77d95428ff5e763f96843c1b84452105
      size: 402993
    - path: data/processed/train_processed.csv
      hash: md5
      md5: 51aae16319150d26649ec9fe3057986c
      size: 1611600
    - path: models/scaler.joblib
      hash: md5
      md5: b8709463bee7e7740813fab5c722f6af
      size: 1239
  training:
    cmd: python -m src.model_training
    deps:
    - path: configs/config.yaml
      hash: md5
      md5: e10682919ee97d31ce93a3daabc2bc36
      size: 1280
    - path: data/processed/test_processed.csv
      hash: md5
      md5: 77d95428ff5e763f96843c1b84452105
      size: 402993
    - path: data/processed/train_processed.csv
      hash: md5
      md5: 51aae16319150d26649ec9fe3057986c
      size: 1611600
    - path: src/data_preprocessing.py
      hash: md5
      md5: 70d588505ad5850345430b029e936d87
      size: 7690
    - path: src/model_training.py
      hash: md5
      md5: 290b7859133585b6d31900d41fc831ab
      size: 15000
    - path: src/utils.py
      hash: md5
      md5: a6f4700e19628b777f60face0508ba69
      size: 3151
    outs:
    - path: models/best_model.joblib
      hash: md5
      md5: 2f1d61aa6fa8c98a4d824497cd500669
      size: 4235625
    - path: models/classification_report.json
      hash: md5
      md5: c5cc01e0d297383230c24a6affcff00e
      size: 613
    - path: models/test_metrics.json
      hash: md5
      md5: 068458de8016552070574f8374a389ef
      size: 255
