schema: '2.0'
stages:
  data_ingestion:
    cmd: python -m src.data_ingestion
    deps:
    - path: configs/config.local.yaml
      hash: md5
      md5: 4530f7094d6c723ef4b4d3f11aff135d
      size: 2349
    - path: configs/config.yaml
      hash: md5
      md5: 1d499263209569591a9435b926063c13
      size: 1279
    - path: data/feedback/uploads
      hash: md5
      md5: 9dc4e32987a311443f867cfd823ba627.dir
      size: 522048
      nfiles: 1
    - path: data/raw/ai4i2020.csv
      hash: md5
      md5: f0adaa9c5e25366c6df1cc2684479871
      size: 522048
    - path: src/data_ingestion.py
      hash: md5
      md5: ad85d6045a708d18be69a6fd363e38ca
      size: 10316
    - path: src/utils.py
      hash: md5
      md5: 8eb3f0180fa9f33369a430e8e8ced6c7
      size: 5273
    outs:
    - path: data/processed/test.csv
      hash: md5
      md5: 8d0e2d03ed8f97c2a98a7eb21bb364a1
      size: 61091
    - path: data/processed/train.csv
      hash: md5
      md5: e22c1cbf2f83e4274e6d5f89a061e06e
      size: 244012
  preprocessing:
    cmd: python -m src.data_preprocessing
    deps:
    - path: configs/config.local.yaml
      hash: md5
      md5: 4530f7094d6c723ef4b4d3f11aff135d
      size: 2349
    - path: configs/config.yaml
      hash: md5
      md5: 1d499263209569591a9435b926063c13
      size: 1279
    - path: data/processed/test.csv
      hash: md5
      md5: 8d0e2d03ed8f97c2a98a7eb21bb364a1
      size: 61091
    - path: data/processed/train.csv
      hash: md5
      md5: e22c1cbf2f83e4274e6d5f89a061e06e
      size: 244012
    - path: src/data_preprocessing.py
      hash: md5
      md5: b4b2ac0b11d64ceb573d5bfddc75eedf
      size: 8500
    - path: src/utils.py
      hash: md5
      md5: 8eb3f0180fa9f33369a430e8e8ced6c7
      size: 5273
    outs:
    - path: data/baselines/drift_baselines.json
      hash: md5
      md5: 133815499c9e096049d5b071b2987acb
      size: 2999
    - path: data/baselines/ref_samples.json
      hash: md5
      md5: 8359ac968a03a02e634bebc910e5f733
      size: 310743
    - path: data/processed/test_processed.csv
      hash: md5
      md5: cc8affa5ddc2ac5260ef75097625268e
      size: 402942
    - path: data/processed/train_processed.csv
      hash: md5
      md5: ee412b651c1cca3fab132d7ff7000893
      size: 1611990
    - path: models/scaler.joblib
      hash: md5
      md5: a8f9c3ac7ca52613f87b7950ff60346b
      size: 1239
  training:
    cmd: python -m src.model_training
    deps:
    - path: configs/config.local.yaml
      hash: md5
      md5: 4530f7094d6c723ef4b4d3f11aff135d
      size: 2349
    - path: configs/config.yaml
      hash: md5
      md5: 1d499263209569591a9435b926063c13
      size: 1279
    - path: data/processed/test_processed.csv
      hash: md5
      md5: cc8affa5ddc2ac5260ef75097625268e
      size: 402942
    - path: data/processed/train_processed.csv
      hash: md5
      md5: ee412b651c1cca3fab132d7ff7000893
      size: 1611990
    - path: src/data_preprocessing.py
      hash: md5
      md5: b4b2ac0b11d64ceb573d5bfddc75eedf
      size: 8500
    - path: src/model_training.py
      hash: md5
      md5: 946138dbb2f9ef547d59372811cbe6b2
      size: 19594
    - path: src/utils.py
      hash: md5
      md5: 8eb3f0180fa9f33369a430e8e8ced6c7
      size: 5273
    outs:
    - path: models/best_model.joblib
      hash: md5
      md5: 01297273691352095e40927918f9f614
      size: 5867785
    - path: models/classification_report.json
      hash: md5
      md5: a01559dc82052c4f82a334ab2ceb669f
      size: 625
    - path: models/test_metrics.json
      hash: md5
      md5: 0c22670a9f1435ddec890e4a8316fedd
      size: 266
  drift_check:
    cmd: python -m src.drift_detection
    deps:
    - path: configs/config.local.yaml
      hash: md5
      md5: 4530f7094d6c723ef4b4d3f11aff135d
      size: 2349
    - path: configs/config.yaml
      hash: md5
      md5: 1d499263209569591a9435b926063c13
      size: 1279
    - path: data/processed/test.csv
      hash: md5
      md5: 8d0e2d03ed8f97c2a98a7eb21bb364a1
      size: 61091
    - path: src/data_preprocessing.py
      hash: md5
      md5: b4b2ac0b11d64ceb573d5bfddc75eedf
      size: 8500
    - path: src/drift_detection.py
      hash: md5
      md5: 1637c629aff73e640e477ded923e8c47
      size: 11518
    - path: src/utils.py
      hash: md5
      md5: 8eb3f0180fa9f33369a430e8e8ced6c7
      size: 5273
    outs:
    - path: data/baselines/drift_report.json
      hash: md5
      md5: 7c2e975674301b4f806fb2b884feb4aa
      size: 4053
    - path: data/baselines/drift_summary.json
      hash: md5
      md5: b7baf76fa453d151100cf536b8e3571d
      size: 133
